
Microsoft Visual Studio Solution File, Format Version 12.00
# Visual Studio Version 16
VisualStudioVersion = 16.0.30907.101
MinimumVisualStudioVersion = 10.0.40219.1
Project("{FAE04EC0-301F-11D3-BF4B-00C04F79EFBC}") = "ItMightBeAmazon", "ItMightBeAmazon.csproj", "{5877C187-27E7-4C24-A2FB-9B11A314BA6D}"
EndProject
Global
	GlobalSection(SolutionConfigurationPlatforms) = preSolution
		Debug|Any CPU = Debug|Any CPU
		Release|Any CPU = Release|Any CPU
	EndGlobalSection
	GlobalSection(ProjectConfigurationPlatforms) = postSolution
		{5877C187-27E7-4C24-A2FB-9B11A314BA6D}.Debug|Any CPU.ActiveCfg = Debug|Any CPU
		{5877C187-27E7-4C24-A2FB-9B11A314BA6D}.Debug|Any CPU.Build.0 = Debug|Any CPU
		{5877C187-27E7-4C24-A2FB-9B11A314BA6D}.Release|Any CPU.ActiveCfg = Release|Any CPU
		{5877C187-27E7-4C24-A2FB-9B11A314BA6D}.Release|Any CPU.Build.0 = Release|Any CPU
	EndGlobalSection
	GlobalSection(SolutionProperties) = preSolution
		HideSolutionNode = FALSE
	EndGlobalSection
	GlobalSection(ExtensibilityGlobals) = postSolution
		SolutionGuid = {F874D7B0-F6F1-4216-BE3B-89016DED4169}
	EndGlobalSection
EndGlobal
